// !$*UTF8*$!
{
	archiveVersion = 1;
	classes = {
	};
	objectVersion = 46;
	objects = {

/* Begin PBXBuildFile section */
		012089740B3F599CD9C3512A /* Pods_Lyricism.framework in Frameworks */ = {isa = PBXBuildFile; fileRef = 76B527F76D97FC69D993092C /* Pods_Lyricism.framework */; };
		53FCF23F1D4078AF00028F6D /* SFPopover.swift in Sources */ = {isa = PBXBuildFile; fileRef = 53FCF23E1D4078AF00028F6D /* SFPopover.swift */; };
		F60BF8B51D13A68900F7C6DA /* MusiXMatchApi.swift in Sources */ = {isa = PBXBuildFile; fileRef = F60BF8B41D13A68900F7C6DA /* MusiXMatchApi.swift */; };
		F60BF8D21D1424D800F7C6DA /* LyricsVC.swift in Sources */ = {isa = PBXBuildFile; fileRef = F60BF8D11D1424D800F7C6DA /* LyricsVC.swift */; };
		F616EBB61D15221800D1A40C /* NSObject+Extension.swift in Sources */ = {isa = PBXBuildFile; fileRef = F616EBB51D15221800D1A40C /* NSObject+Extension.swift */; };
		F617FCA31D269452001A933B /* HUDVC.swift in Sources */ = {isa = PBXBuildFile; fileRef = F617FCA21D269452001A933B /* HUDVC.swift */; };
		F62903F21D27ACF80025F190 /* Assets.xcassets in Resources */ = {isa = PBXBuildFile; fileRef = F62903F11D27ACF80025F190 /* Assets.xcassets */; };
		F62A2B431D796C1000235878 /* ContainerSwitchable.swift in Sources */ = {isa = PBXBuildFile; fileRef = F62A2B421D796C1000235878 /* ContainerSwitchable.swift */; };
		F62A2B461D79843300235878 /* Timerable.swift in Sources */ = {isa = PBXBuildFile; fileRef = F62A2B451D79843300235878 /* Timerable.swift */; };
		F6479A901DE56F250001E929 /* AppGettable.swift in Sources */ = {isa = PBXBuildFile; fileRef = F6479A8F1DE56F250001E929 /* AppGettable.swift */; };
		F6479A921DE56FB70001E929 /* VCGettable.swift in Sources */ = {isa = PBXBuildFile; fileRef = F6479A911DE56FB70001E929 /* VCGettable.swift */; };
		F6479A941DE577690001E929 /* Assets.swift in Sources */ = {isa = PBXBuildFile; fileRef = F6479A931DE577690001E929 /* Assets.swift */; };
		F6479A961DE57DFD0001E929 /* NSImage+StatusItem.swift in Sources */ = {isa = PBXBuildFile; fileRef = F6479A951DE57DFD0001E929 /* NSImage+StatusItem.swift */; };
		F64E2D8C1D2115CD002F2513 /* MResponse.swift in Sources */ = {isa = PBXBuildFile; fileRef = F64E2D8B1D2115CD002F2513 /* MResponse.swift */; };
		F65069641DE2A1C6002ECFB3 /* TimeFormattable.swift in Sources */ = {isa = PBXBuildFile; fileRef = F65069631DE2A1C6002ECFB3 /* TimeFormattable.swift */; };
		F6624B291D437A9100D2D42E /* PreferencesWC.swift in Sources */ = {isa = PBXBuildFile; fileRef = F6624B271D437A9100D2D42E /* PreferencesWC.swift */; };
		F6624B2A1D437A9100D2D42E /* PreferenceVC.swift in Sources */ = {isa = PBXBuildFile; fileRef = F6624B281D437A9100D2D42E /* PreferenceVC.swift */; };
		F6624B2E1D437AA600D2D42E /* AppearanceVC.swift in Sources */ = {isa = PBXBuildFile; fileRef = F6624B2D1D437AA600D2D42E /* AppearanceVC.swift */; };
		F663BB491DE6ECA200A90958 /* UserDefaultsKey.swift in Sources */ = {isa = PBXBuildFile; fileRef = F663BB481DE6ECA200A90958 /* UserDefaultsKey.swift */; };
		F664DD7B1DE6842E0094F5FA /* SetPlayerSourceWC.swift in Sources */ = {isa = PBXBuildFile; fileRef = F664DD7A1DE6842E0094F5FA /* SetPlayerSourceWC.swift */; };
		F664DD7D1DE6845A0094F5FA /* SetPlayerSourceVC.swift in Sources */ = {isa = PBXBuildFile; fileRef = F664DD7C1DE6845A0094F5FA /* SetPlayerSourceVC.swift */; };
		F664DD801DE68B2D0094F5FA /* GuideVC.swift in Sources */ = {isa = PBXBuildFile; fileRef = F664DD7E1DE68B2D0094F5FA /* GuideVC.swift */; };
		F664DD831DE6BCC10094F5FA /* SFButtonView.swift in Sources */ = {isa = PBXBuildFile; fileRef = F664DD821DE6BCC10094F5FA /* SFButtonView.swift */; };
		F664DD851DE6E2900094F5FA /* EasyTrack.swift in Sources */ = {isa = PBXBuildFile; fileRef = F664DD841DE6E2900094F5FA /* EasyTrack.swift */; };
		F668464D1D18D20E007DB6CF /* BlurBackground.swift in Sources */ = {isa = PBXBuildFile; fileRef = F668464C1D18D20E007DB6CF /* BlurBackground.swift */; };
		F668464F1D18D26E007DB6CF /* BlurBackground.xib in Resources */ = {isa = PBXBuildFile; fileRef = F668464E1D18D26E007DB6CF /* BlurBackground.xib */; };
		F672A8311D1949BC00FD518D /* EventMonitor.swift in Sources */ = {isa = PBXBuildFile; fileRef = F672A8301D1949BC00FD518D /* EventMonitor.swift */; };
		F67428CE1D82F5BD001FBC56 /* Spotify.sdef in Resources */ = {isa = PBXBuildFile; fileRef = F67428CB1D82F5BD001FBC56 /* Spotify.sdef */; };
		F67428CF1D82F5BD001FBC56 /* Spotify.swift in Sources */ = {isa = PBXBuildFile; fileRef = F67428CC1D82F5BD001FBC56 /* Spotify.swift */; };
		F67428D01D82F5BD001FBC56 /* SpotifyScripting.swift in Sources */ = {isa = PBXBuildFile; fileRef = F67428CD1D82F5BD001FBC56 /* SpotifyScripting.swift */; };
		F67428D21D83DB6E001FBC56 /* TextViewModel.swift in Sources */ = {isa = PBXBuildFile; fileRef = F67428D11D83DB6E001FBC56 /* TextViewModel.swift */; };
		F67428D61D8403B3001FBC56 /* SFRealm.swift in Sources */ = {isa = PBXBuildFile; fileRef = F67428D51D8403B3001FBC56 /* SFRealm.swift */; };
		F67B7FA11D23D75E001E7ED3 /* Lato-Black.ttf in Resources */ = {isa = PBXBuildFile; fileRef = F67B7F9D1D23D75E001E7ED3 /* Lato-Black.ttf */; };
		F67B7FA21D23D75E001E7ED3 /* Lato-Bol.ttf in Resources */ = {isa = PBXBuildFile; fileRef = F67B7F9E1D23D75E001E7ED3 /* Lato-Bol.ttf */; };
		F67B7FA31D23D75E001E7ED3 /* Lato-Lig.ttf in Resources */ = {isa = PBXBuildFile; fileRef = F67B7F9F1D23D75E001E7ED3 /* Lato-Lig.ttf */; };
		F67B7FA41D23D75E001E7ED3 /* Lato-Reg.ttf in Resources */ = {isa = PBXBuildFile; fileRef = F67B7FA01D23D75E001E7ED3 /* Lato-Reg.ttf */; };
		F68BC71B1D128ACE00A36247 /* AppDelegate.swift in Sources */ = {isa = PBXBuildFile; fileRef = F68BC71A1D128ACE00A36247 /* AppDelegate.swift */; };
		F68BC71D1D128ACE00A36247 /* ViewController.swift in Sources */ = {isa = PBXBuildFile; fileRef = F68BC71C1D128ACE00A36247 /* ViewController.swift */; };
		F68BC71F1D128ACE00A36247 /* Document.swift in Sources */ = {isa = PBXBuildFile; fileRef = F68BC71E1D128ACE00A36247 /* Document.swift */; };
		F68BC7241D128ACE00A36247 /* Main.storyboard in Resources */ = {isa = PBXBuildFile; fileRef = F68BC7221D128ACE00A36247 /* Main.storyboard */; };
		F696A2C11D2668FD00EBE049 /* Track.swift in Sources */ = {isa = PBXBuildFile; fileRef = F696A2C01D2668FD00EBE049 /* Track.swift */; };
		F69836261D7C02F30046569A /* PreferencesSetable.swift in Sources */ = {isa = PBXBuildFile; fileRef = F69836251D7C02F20046569A /* PreferencesSetable.swift */; };
		F6A7DE431D20CACF001D5AD7 /* MarqueeView.swift in Sources */ = {isa = PBXBuildFile; fileRef = F6A7DE421D20CACF001D5AD7 /* MarqueeView.swift */; };
		F6BF27B11D4E002A00AA04BB /* PopoverContentView.swift in Sources */ = {isa = PBXBuildFile; fileRef = F6BF27B01D4E002A00AA04BB /* PopoverContentView.swift */; };
		F6C26C7B1DE56D45001EA7C6 /* TrackInfoGettable.swift in Sources */ = {isa = PBXBuildFile; fileRef = F6C26C7A1DE56D45001EA7C6 /* TrackInfoGettable.swift */; };
		F6D0C00F1D87079D001474D8 /* Preferences.storyboard in Resources */ = {isa = PBXBuildFile; fileRef = F6D0C0111D87079D001474D8 /* Preferences.storyboard */; };
		F6D0C0221D870A66001474D8 /* Localizable.strings.strings in Resources */ = {isa = PBXBuildFile; fileRef = F6D0C0241D870A66001474D8 /* Localizable.strings.strings */; };
		F6D196F81DE2DC2300A7F73A /* PlaySourceable.swift in Sources */ = {isa = PBXBuildFile; fileRef = F6D196F71DE2DC2300A7F73A /* PlaySourceable.swift */; };
		F6D196FA1DE2DDD400A7F73A /* Dismissable.swift in Sources */ = {isa = PBXBuildFile; fileRef = F6D196F91DE2DDD400A7F73A /* Dismissable.swift */; };
		F6D339B51D22865C0066F03F /* iTunes.sdef in Resources */ = {isa = PBXBuildFile; fileRef = F6D339B21D22865C0066F03F /* iTunes.sdef */; };
		F6D339B61D22865C0066F03F /* iTunes.swift in Sources */ = {isa = PBXBuildFile; fileRef = F6D339B31D22865C0066F03F /* iTunes.swift */; };
		F6D339B71D22865C0066F03F /* iTunesScripting.swift in Sources */ = {isa = PBXBuildFile; fileRef = F6D339B41D22865C0066F03F /* iTunesScripting.swift */; };
		F6E13D361DE2D47A00857AF1 /* String+LyricFomatter.swift in Sources */ = {isa = PBXBuildFile; fileRef = F6E13D351DE2D47A00857AF1 /* String+LyricFomatter.swift */; };
		F6E13D381DE2D4E900857AF1 /* Debug.swift in Sources */ = {isa = PBXBuildFile; fileRef = F6E13D371DE2D4E900857AF1 /* Debug.swift */; };
		F6E13D3A1DE2D4FA00857AF1 /* UIFont+Lyricism.swift in Sources */ = {isa = PBXBuildFile; fileRef = F6E13D391DE2D4FA00857AF1 /* UIFont+Lyricism.swift */; };
		F6F1C4331D882F8F0081C501 /* App.swift in Sources */ = {isa = PBXBuildFile; fileRef = F6F1C4321D882F8F0081C501 /* App.swift */; };
/* End PBXBuildFile section */

/* Begin PBXCopyFilesBuildPhase section */
		F6D339C91D22867A0066F03F /* Embed Frameworks */ = {
			isa = PBXCopyFilesBuildPhase;
			buildActionMask = 2147483647;
			dstPath = "";
			dstSubfolderSpec = 10;
			files = (
			);
			name = "Embed Frameworks";
			runOnlyForDeploymentPostprocessing = 0;
		};
/* End PBXCopyFilesBuildPhase section */

/* Begin PBXFileReference section */
		53FCF23E1D4078AF00028F6D /* SFPopover.swift */ = {isa = PBXFileReference; fileEncoding = 4; lastKnownFileType = sourcecode.swift; path = SFPopover.swift; sourceTree = "<group>"; };
		76B527F76D97FC69D993092C /* Pods_Lyricism.framework */ = {isa = PBXFileReference; explicitFileType = wrapper.framework; includeInIndex = 0; path = Pods_Lyricism.framework; sourceTree = BUILT_PRODUCTS_DIR; };
		88C5BB8C141D6C45E8D647DE /* Pods-Lyricism.debug.xcconfig */ = {isa = PBXFileReference; includeInIndex = 1; lastKnownFileType = text.xcconfig; name = "Pods-Lyricism.debug.xcconfig"; path = "Pods/Target Support Files/Pods-Lyricism/Pods-Lyricism.debug.xcconfig"; sourceTree = "<group>"; };
		89CE8D50737B17B73218C8BD /* Pods_LyriKing.framework */ = {isa = PBXFileReference; explicitFileType = wrapper.framework; includeInIndex = 0; path = Pods_LyriKing.framework; sourceTree = BUILT_PRODUCTS_DIR; };
		B9687906AF1675794AFF78B7 /* Pods-LyriKing.debug.xcconfig */ = {isa = PBXFileReference; includeInIndex = 1; lastKnownFileType = text.xcconfig; name = "Pods-LyriKing.debug.xcconfig"; path = "Pods/Target Support Files/Pods-LyriKing/Pods-LyriKing.debug.xcconfig"; sourceTree = "<group>"; };
		D7DDC90CBC31526A6B6401DE /* Pods-Lyricism.release.xcconfig */ = {isa = PBXFileReference; includeInIndex = 1; lastKnownFileType = text.xcconfig; name = "Pods-Lyricism.release.xcconfig"; path = "Pods/Target Support Files/Pods-Lyricism/Pods-Lyricism.release.xcconfig"; sourceTree = "<group>"; };
		E335D29E9F196A8F0400DD3F /* Pods-LyriKing.release.xcconfig */ = {isa = PBXFileReference; includeInIndex = 1; lastKnownFileType = text.xcconfig; name = "Pods-LyriKing.release.xcconfig"; path = "Pods/Target Support Files/Pods-LyriKing/Pods-LyriKing.release.xcconfig"; sourceTree = "<group>"; };
		F60BF8A31D139B3E00F7C6DA /* Lyricism-Bridging-Header.h */ = {isa = PBXFileReference; lastKnownFileType = sourcecode.c.h; path = "Lyricism-Bridging-Header.h"; sourceTree = SOURCE_ROOT; };
		F60BF8B41D13A68900F7C6DA /* MusiXMatchApi.swift */ = {isa = PBXFileReference; fileEncoding = 4; lastKnownFileType = sourcecode.swift; path = MusiXMatchApi.swift; sourceTree = "<group>"; };
		F60BF8D11D1424D800F7C6DA /* LyricsVC.swift */ = {isa = PBXFileReference; fileEncoding = 4; lastKnownFileType = sourcecode.swift; path = LyricsVC.swift; sourceTree = "<group>"; };
		F616EBB51D15221800D1A40C /* NSObject+Extension.swift */ = {isa = PBXFileReference; fileEncoding = 4; lastKnownFileType = sourcecode.swift; path = "NSObject+Extension.swift"; sourceTree = "<group>"; };
		F617FCA21D269452001A933B /* HUDVC.swift */ = {isa = PBXFileReference; fileEncoding = 4; lastKnownFileType = sourcecode.swift; path = HUDVC.swift; sourceTree = "<group>"; };
		F62903F11D27ACF80025F190 /* Assets.xcassets */ = {isa = PBXFileReference; lastKnownFileType = folder.assetcatalog; path = Assets.xcassets; sourceTree = "<group>"; };
		F62A2B421D796C1000235878 /* ContainerSwitchable.swift */ = {isa = PBXFileReference; fileEncoding = 4; lastKnownFileType = sourcecode.swift; path = ContainerSwitchable.swift; sourceTree = "<group>"; };
		F62A2B451D79843300235878 /* Timerable.swift */ = {isa = PBXFileReference; fileEncoding = 4; lastKnownFileType = sourcecode.swift; path = Timerable.swift; sourceTree = "<group>"; };
		F6479A8F1DE56F250001E929 /* AppGettable.swift */ = {isa = PBXFileReference; fileEncoding = 4; lastKnownFileType = sourcecode.swift; path = AppGettable.swift; sourceTree = "<group>"; };
		F6479A911DE56FB70001E929 /* VCGettable.swift */ = {isa = PBXFileReference; fileEncoding = 4; lastKnownFileType = sourcecode.swift; path = VCGettable.swift; sourceTree = "<group>"; };
		F6479A931DE577690001E929 /* Assets.swift */ = {isa = PBXFileReference; fileEncoding = 4; lastKnownFileType = sourcecode.swift; path = Assets.swift; sourceTree = "<group>"; };
		F6479A951DE57DFD0001E929 /* NSImage+StatusItem.swift */ = {isa = PBXFileReference; fileEncoding = 4; lastKnownFileType = sourcecode.swift; path = "NSImage+StatusItem.swift"; sourceTree = "<group>"; };
		F6479A991DE5A6B60001E929 /* SpotifyScripting.h */ = {isa = PBXFileReference; fileEncoding = 4; lastKnownFileType = sourcecode.c.h; name = SpotifyScripting.h; path = iTunes/SpotifyScripting.h; sourceTree = "<group>"; };
		F64E2D8B1D2115CD002F2513 /* MResponse.swift */ = {isa = PBXFileReference; fileEncoding = 4; lastKnownFileType = sourcecode.swift; path = MResponse.swift; sourceTree = "<group>"; };
		F65069631DE2A1C6002ECFB3 /* TimeFormattable.swift */ = {isa = PBXFileReference; fileEncoding = 4; lastKnownFileType = sourcecode.swift; path = TimeFormattable.swift; sourceTree = "<group>"; };
		F6624B271D437A9100D2D42E /* PreferencesWC.swift */ = {isa = PBXFileReference; fileEncoding = 4; lastKnownFileType = sourcecode.swift; path = PreferencesWC.swift; sourceTree = "<group>"; };
		F6624B281D437A9100D2D42E /* PreferenceVC.swift */ = {isa = PBXFileReference; fileEncoding = 4; lastKnownFileType = sourcecode.swift; path = PreferenceVC.swift; sourceTree = "<group>"; };
		F6624B2D1D437AA600D2D42E /* AppearanceVC.swift */ = {isa = PBXFileReference; fileEncoding = 4; lastKnownFileType = sourcecode.swift; path = AppearanceVC.swift; sourceTree = "<group>"; };
		F663BB481DE6ECA200A90958 /* UserDefaultsKey.swift */ = {isa = PBXFileReference; fileEncoding = 4; lastKnownFileType = sourcecode.swift; path = UserDefaultsKey.swift; sourceTree = "<group>"; };
		F664DD7A1DE6842E0094F5FA /* SetPlayerSourceWC.swift */ = {isa = PBXFileReference; fileEncoding = 4; lastKnownFileType = sourcecode.swift; path = SetPlayerSourceWC.swift; sourceTree = "<group>"; };
		F664DD7C1DE6845A0094F5FA /* SetPlayerSourceVC.swift */ = {isa = PBXFileReference; fileEncoding = 4; lastKnownFileType = sourcecode.swift; path = SetPlayerSourceVC.swift; sourceTree = "<group>"; };
		F664DD7E1DE68B2D0094F5FA /* GuideVC.swift */ = {isa = PBXFileReference; fileEncoding = 4; lastKnownFileType = sourcecode.swift; path = GuideVC.swift; sourceTree = "<group>"; };
		F664DD821DE6BCC10094F5FA /* SFButtonView.swift */ = {isa = PBXFileReference; fileEncoding = 4; lastKnownFileType = sourcecode.swift; path = SFButtonView.swift; sourceTree = "<group>"; };
		F664DD841DE6E2900094F5FA /* EasyTrack.swift */ = {isa = PBXFileReference; fileEncoding = 4; lastKnownFileType = sourcecode.swift; path = EasyTrack.swift; sourceTree = "<group>"; };
		F668464C1D18D20E007DB6CF /* BlurBackground.swift */ = {isa = PBXFileReference; fileEncoding = 4; lastKnownFileType = sourcecode.swift; path = BlurBackground.swift; sourceTree = "<group>"; };
		F668464E1D18D26E007DB6CF /* BlurBackground.xib */ = {isa = PBXFileReference; fileEncoding = 4; lastKnownFileType = file.xib; path = BlurBackground.xib; sourceTree = "<group>"; };
		F672A8301D1949BC00FD518D /* EventMonitor.swift */ = {isa = PBXFileReference; fileEncoding = 4; lastKnownFileType = sourcecode.swift; path = EventMonitor.swift; sourceTree = "<group>"; };
		F67428CA1D82F4E4001FBC56 /* Spotify.h */ = {isa = PBXFileReference; lastKnownFileType = sourcecode.c.h; path = Spotify.h; sourceTree = "<group>"; };
		F67428CB1D82F5BD001FBC56 /* Spotify.sdef */ = {isa = PBXFileReference; fileEncoding = 4; lastKnownFileType = text.xml; path = Spotify.sdef; sourceTree = "<group>"; };
		F67428CC1D82F5BD001FBC56 /* Spotify.swift */ = {isa = PBXFileReference; fileEncoding = 4; lastKnownFileType = sourcecode.swift; path = Spotify.swift; sourceTree = "<group>"; };
		F67428CD1D82F5BD001FBC56 /* SpotifyScripting.swift */ = {isa = PBXFileReference; fileEncoding = 4; lastKnownFileType = sourcecode.swift; path = SpotifyScripting.swift; sourceTree = "<group>"; };
		F67428D11D83DB6E001FBC56 /* TextViewModel.swift */ = {isa = PBXFileReference; fileEncoding = 4; lastKnownFileType = sourcecode.swift; path = TextViewModel.swift; sourceTree = "<group>"; };
		F67428D51D8403B3001FBC56 /* SFRealm.swift */ = {isa = PBXFileReference; fileEncoding = 4; lastKnownFileType = sourcecode.swift; path = SFRealm.swift; sourceTree = "<group>"; };
		F67B7F9D1D23D75E001E7ED3 /* Lato-Black.ttf */ = {isa = PBXFileReference; lastKnownFileType = file; path = "Lato-Black.ttf"; sourceTree = "<group>"; };
		F67B7F9E1D23D75E001E7ED3 /* Lato-Bol.ttf */ = {isa = PBXFileReference; lastKnownFileType = file; path = "Lato-Bol.ttf"; sourceTree = "<group>"; };
		F67B7F9F1D23D75E001E7ED3 /* Lato-Lig.ttf */ = {isa = PBXFileReference; lastKnownFileType = file; path = "Lato-Lig.ttf"; sourceTree = "<group>"; };
		F67B7FA01D23D75E001E7ED3 /* Lato-Reg.ttf */ = {isa = PBXFileReference; lastKnownFileType = file; path = "Lato-Reg.ttf"; sourceTree = "<group>"; };
		F67BEBA21D7E9B97005D0B54 /* Lyricism.entitlements */ = {isa = PBXFileReference; lastKnownFileType = text.xml; path = Lyricism.entitlements; sourceTree = "<group>"; };
		F68BC7171D128ACE00A36247 /* Lyricism.app */ = {isa = PBXFileReference; explicitFileType = wrapper.application; includeInIndex = 0; path = Lyricism.app; sourceTree = BUILT_PRODUCTS_DIR; };
		F68BC71A1D128ACE00A36247 /* AppDelegate.swift */ = {isa = PBXFileReference; lastKnownFileType = sourcecode.swift; path = AppDelegate.swift; sourceTree = "<group>"; };
		F68BC71C1D128ACE00A36247 /* ViewController.swift */ = {isa = PBXFileReference; lastKnownFileType = sourcecode.swift; path = ViewController.swift; sourceTree = "<group>"; };
		F68BC71E1D128ACE00A36247 /* Document.swift */ = {isa = PBXFileReference; lastKnownFileType = sourcecode.swift; path = Document.swift; sourceTree = "<group>"; };
		F68BC7231D128ACE00A36247 /* Base */ = {isa = PBXFileReference; lastKnownFileType = file.storyboard; name = Base; path = Base.lproj/Main.storyboard; sourceTree = "<group>"; };
		F68BC7251D128ACE00A36247 /* Info.plist */ = {isa = PBXFileReference; lastKnownFileType = text.plist.xml; path = Info.plist; sourceTree = "<group>"; };
		F696A2C01D2668FD00EBE049 /* Track.swift */ = {isa = PBXFileReference; fileEncoding = 4; lastKnownFileType = sourcecode.swift; path = Track.swift; sourceTree = "<group>"; };
		F69836251D7C02F20046569A /* PreferencesSetable.swift */ = {isa = PBXFileReference; fileEncoding = 4; lastKnownFileType = sourcecode.swift; path = PreferencesSetable.swift; sourceTree = "<group>"; };
		F6A7DE421D20CACF001D5AD7 /* MarqueeView.swift */ = {isa = PBXFileReference; fileEncoding = 4; lastKnownFileType = sourcecode.swift; path = MarqueeView.swift; sourceTree = "<group>"; };
		F6BF27B01D4E002A00AA04BB /* PopoverContentView.swift */ = {isa = PBXFileReference; fileEncoding = 4; lastKnownFileType = sourcecode.swift; path = PopoverContentView.swift; sourceTree = "<group>"; };
		F6C26C791DE5423C001EA7C6 /* PracticeLand.playground */ = {isa = PBXFileReference; lastKnownFileType = file.playground; path = PracticeLand.playground; sourceTree = "<group>"; };
		F6C26C7A1DE56D45001EA7C6 /* TrackInfoGettable.swift */ = {isa = PBXFileReference; fileEncoding = 4; lastKnownFileType = sourcecode.swift; path = TrackInfoGettable.swift; sourceTree = "<group>"; };
		F6D0C0101D87079D001474D8 /* Base */ = {isa = PBXFileReference; lastKnownFileType = file.storyboard; name = Base; path = Base.lproj/Preferences.storyboard; sourceTree = "<group>"; };
		F6D0C0131D8707B6001474D8 /* en */ = {isa = PBXFileReference; lastKnownFileType = text.plist.strings; name = en; path = en.lproj/Preferences.strings; sourceTree = "<group>"; };
		F6D0C0151D8707BA001474D8 /* en */ = {isa = PBXFileReference; lastKnownFileType = text.plist.strings; name = en; path = en.lproj/Main.strings; sourceTree = "<group>"; };
		F6D0C01A1D87088A001474D8 /* zh-Hant */ = {isa = PBXFileReference; lastKnownFileType = text.plist.strings; name = "zh-Hant"; path = "zh-Hant.lproj/Main.strings"; sourceTree = "<group>"; };
		F6D0C01B1D87088A001474D8 /* zh-Hant */ = {isa = PBXFileReference; lastKnownFileType = text.plist.strings; name = "zh-Hant"; path = "zh-Hant.lproj/Preferences.strings"; sourceTree = "<group>"; };
		F6D0C01C1D870891001474D8 /* ja */ = {isa = PBXFileReference; lastKnownFileType = text.plist.strings; name = ja; path = ja.lproj/Main.strings; sourceTree = "<group>"; };
		F6D0C01D1D870891001474D8 /* ja */ = {isa = PBXFileReference; lastKnownFileType = text.plist.strings; name = ja; path = ja.lproj/Preferences.strings; sourceTree = "<group>"; };
		F6D0C01E1D870897001474D8 /* th */ = {isa = PBXFileReference; lastKnownFileType = text.plist.strings; name = th; path = th.lproj/Main.strings; sourceTree = "<group>"; };
		F6D0C01F1D870897001474D8 /* th */ = {isa = PBXFileReference; lastKnownFileType = text.plist.strings; name = th; path = th.lproj/Preferences.strings; sourceTree = "<group>"; };
		F6D0C0201D8708AE001474D8 /* es */ = {isa = PBXFileReference; lastKnownFileType = text.plist.strings; name = es; path = es.lproj/Main.strings; sourceTree = "<group>"; };
		F6D0C0211D8708AE001474D8 /* es */ = {isa = PBXFileReference; lastKnownFileType = text.plist.strings; name = es; path = es.lproj/Preferences.strings; sourceTree = "<group>"; };
		F6D0C0231D870A66001474D8 /* Base */ = {isa = PBXFileReference; lastKnownFileType = text.plist.strings; name = Base; path = Base.lproj/Localizable.strings.strings; sourceTree = "<group>"; };
		F6D0C0251D870A6C001474D8 /* zh-Hant */ = {isa = PBXFileReference; lastKnownFileType = text.plist.strings; name = "zh-Hant"; path = "zh-Hant.lproj/Localizable.strings.strings"; sourceTree = "<group>"; };
		F6D196F71DE2DC2300A7F73A /* PlaySourceable.swift */ = {isa = PBXFileReference; fileEncoding = 4; lastKnownFileType = sourcecode.swift; path = PlaySourceable.swift; sourceTree = "<group>"; };
		F6D196F91DE2DDD400A7F73A /* Dismissable.swift */ = {isa = PBXFileReference; fileEncoding = 4; lastKnownFileType = sourcecode.swift; path = Dismissable.swift; sourceTree = "<group>"; };
		F6D339B11D22865C0066F03F /* iTunes.h */ = {isa = PBXFileReference; fileEncoding = 4; lastKnownFileType = sourcecode.c.h; path = iTunes.h; sourceTree = "<group>"; };
		F6D339B21D22865C0066F03F /* iTunes.sdef */ = {isa = PBXFileReference; fileEncoding = 4; lastKnownFileType = text.xml; path = iTunes.sdef; sourceTree = "<group>"; };
		F6D339B31D22865C0066F03F /* iTunes.swift */ = {isa = PBXFileReference; fileEncoding = 4; lastKnownFileType = sourcecode.swift; path = iTunes.swift; sourceTree = "<group>"; };
		F6D339B41D22865C0066F03F /* iTunesScripting.swift */ = {isa = PBXFileReference; fileEncoding = 4; lastKnownFileType = sourcecode.swift; path = iTunesScripting.swift; sourceTree = "<group>"; };
		F6D339BF1D22867A0066F03F /* iTunesScripting.h */ = {isa = PBXFileReference; lastKnownFileType = sourcecode.c.h; name = iTunesScripting.h; path = iTunesScripting/iTunesScripting.h; sourceTree = SOURCE_ROOT; };
		F6D339C11D22867A0066F03F /* Info.plist */ = {isa = PBXFileReference; lastKnownFileType = text.plist.xml; name = Info.plist; path = iTunesScripting/Info.plist; sourceTree = SOURCE_ROOT; };
		F6E13D351DE2D47A00857AF1 /* String+LyricFomatter.swift */ = {isa = PBXFileReference; fileEncoding = 4; lastKnownFileType = sourcecode.swift; path = "String+LyricFomatter.swift"; sourceTree = "<group>"; };
		F6E13D371DE2D4E900857AF1 /* Debug.swift */ = {isa = PBXFileReference; fileEncoding = 4; lastKnownFileType = sourcecode.swift; path = Debug.swift; sourceTree = "<group>"; };
		F6E13D391DE2D4FA00857AF1 /* UIFont+Lyricism.swift */ = {isa = PBXFileReference; fileEncoding = 4; lastKnownFileType = sourcecode.swift; path = "UIFont+Lyricism.swift"; sourceTree = "<group>"; };
		F6F1C4321D882F8F0081C501 /* App.swift */ = {isa = PBXFileReference; fileEncoding = 4; lastKnownFileType = sourcecode.swift; path = App.swift; sourceTree = "<group>"; };
/* End PBXFileReference section */

/* Begin PBXFrameworksBuildPhase section */
		F68BC7141D128ACD00A36247 /* Frameworks */ = {
			isa = PBXFrameworksBuildPhase;
			buildActionMask = 2147483647;
			files = (
				012089740B3F599CD9C3512A /* Pods_Lyricism.framework in Frameworks */,
			);
			runOnlyForDeploymentPostprocessing = 0;
		};
/* End PBXFrameworksBuildPhase section */

/* Begin PBXGroup section */
		34A8663DB978A591BF253E9A /* Frameworks */ = {
			isa = PBXGroup;
			children = (
				89CE8D50737B17B73218C8BD /* Pods_LyriKing.framework */,
				76B527F76D97FC69D993092C /* Pods_Lyricism.framework */,
			);
			name = Frameworks;
			sourceTree = "<group>";
		};
		53FCF2411D40A9C800028F6D /* Controller */ = {
			isa = PBXGroup;
			children = (
				F68BC71C1D128ACE00A36247 /* ViewController.swift */,
				F60BF8D11D1424D800F7C6DA /* LyricsVC.swift */,
				F617FCA21D269452001A933B /* HUDVC.swift */,
				F664DD7A1DE6842E0094F5FA /* SetPlayerSourceWC.swift */,
				F664DD7C1DE6845A0094F5FA /* SetPlayerSourceVC.swift */,
				F664DD7E1DE68B2D0094F5FA /* GuideVC.swift */,
				F67BEBA11D7E99A8005D0B54 /* Setting */,
			);
			name = Controller;
			sourceTree = "<group>";
		};
		53FCF2421D40A9D800028F6D /* Storyboard */ = {
			isa = PBXGroup;
			children = (
				F68BC7221D128ACE00A36247 /* Main.storyboard */,
				F6D0C0111D87079D001474D8 /* Preferences.storyboard */,
				F6D0C0241D870A66001474D8 /* Localizable.strings.strings */,
			);
			name = Storyboard;
			sourceTree = "<group>";
		};
		EB3E0201C3E3C41B81CAC41A /* Pods */ = {
			isa = PBXGroup;
			children = (
				B9687906AF1675794AFF78B7 /* Pods-LyriKing.debug.xcconfig */,
				E335D29E9F196A8F0400DD3F /* Pods-LyriKing.release.xcconfig */,
				88C5BB8C141D6C45E8D647DE /* Pods-Lyricism.debug.xcconfig */,
				D7DDC90CBC31526A6B6401DE /* Pods-Lyricism.release.xcconfig */,
			);
			name = Pods;
			sourceTree = "<group>";
		};
		F62A2B441D796F8000235878 /* Protocol */ = {
			isa = PBXGroup;
			children = (
				F6C26C7A1DE56D45001EA7C6 /* TrackInfoGettable.swift */,
				F6479A8F1DE56F250001E929 /* AppGettable.swift */,
				F6479A911DE56FB70001E929 /* VCGettable.swift */,
				F6D196F71DE2DC2300A7F73A /* PlaySourceable.swift */,
				F69836251D7C02F20046569A /* PreferencesSetable.swift */,
				F62A2B451D79843300235878 /* Timerable.swift */,
				F6D196F91DE2DDD400A7F73A /* Dismissable.swift */,
				F65069631DE2A1C6002ECFB3 /* TimeFormattable.swift */,
			);
			name = Protocol;
			sourceTree = "<group>";
		};
		F63AB5DA1D828F58007EFCC7 /* SBApplication */ = {
			isa = PBXGroup;
			children = (
				F63AB5E21D828F8D007EFCC7 /* Spotify */,
				F6D339B01D22865C0066F03F /* iTunes */,
			);
			name = SBApplication;
			sourceTree = "<group>";
		};
		F63AB5E21D828F8D007EFCC7 /* Spotify */ = {
			isa = PBXGroup;
			children = (
				F67428CA1D82F4E4001FBC56 /* Spotify.h */,
				F67428CB1D82F5BD001FBC56 /* Spotify.sdef */,
				F67428CC1D82F5BD001FBC56 /* Spotify.swift */,
				F67428CD1D82F5BD001FBC56 /* SpotifyScripting.swift */,
				F6479A991DE5A6B60001E929 /* SpotifyScripting.h */,
			);
			name = Spotify;
			sourceTree = "<group>";
		};
		F6479A971DE59B780001E929 /* Util */ = {
			isa = PBXGroup;
			children = (
				F6E13D371DE2D4E900857AF1 /* Debug.swift */,
				F67428D51D8403B3001FBC56 /* SFRealm.swift */,
			);
			name = Util;
			sourceTree = "<group>";
		};
		F6479A981DE59BB60001E929 /* nouse */ = {
			isa = PBXGroup;
			children = (
				F62A2B421D796C1000235878 /* ContainerSwitchable.swift */,
				F616EBB51D15221800D1A40C /* NSObject+Extension.swift */,
				F64E2D8B1D2115CD002F2513 /* MResponse.swift */,
			);
			name = nouse;
			sourceTree = "<group>";
		};
		F67B7F991D23D6A3001E7ED3 /* View */ = {
			isa = PBXGroup;
			children = (
				53FCF23E1D4078AF00028F6D /* SFPopover.swift */,
				F6BF27B01D4E002A00AA04BB /* PopoverContentView.swift */,
				F6A7DE421D20CACF001D5AD7 /* MarqueeView.swift */,
				F668464C1D18D20E007DB6CF /* BlurBackground.swift */,
				F668464E1D18D26E007DB6CF /* BlurBackground.xib */,
				F664DD821DE6BCC10094F5FA /* SFButtonView.swift */,
			);
			name = View;
			sourceTree = "<group>";
		};
		F67B7F9A1D23D6B6001E7ED3 /* Model */ = {
			isa = PBXGroup;
			children = (
				F67428D11D83DB6E001FBC56 /* TextViewModel.swift */,
				F60BF8B41D13A68900F7C6DA /* MusiXMatchApi.swift */,
				F696A2C01D2668FD00EBE049 /* Track.swift */,
				F664DD841DE6E2900094F5FA /* EasyTrack.swift */,
				F672A8301D1949BC00FD518D /* EventMonitor.swift */,
			);
			name = Model;
			sourceTree = "<group>";
		};
		F67B7F9C1D23D714001E7ED3 /* Fonts */ = {
			isa = PBXGroup;
			children = (
				F67B7F9D1D23D75E001E7ED3 /* Lato-Black.ttf */,
				F67B7F9E1D23D75E001E7ED3 /* Lato-Bol.ttf */,
				F67B7F9F1D23D75E001E7ED3 /* Lato-Lig.ttf */,
				F67B7FA01D23D75E001E7ED3 /* Lato-Reg.ttf */,
			);
			name = Fonts;
			sourceTree = "<group>";
		};
		F67BEBA11D7E99A8005D0B54 /* Setting */ = {
			isa = PBXGroup;
			children = (
				F6624B271D437A9100D2D42E /* PreferencesWC.swift */,
				F6624B281D437A9100D2D42E /* PreferenceVC.swift */,
				F6624B2D1D437AA600D2D42E /* AppearanceVC.swift */,
			);
			name = Setting;
			sourceTree = "<group>";
		};
		F68BC70E1D128ACD00A36247 = {
			isa = PBXGroup;
			children = (
				F68BC7191D128ACE00A36247 /* Lyricism */,
				F63AB5DA1D828F58007EFCC7 /* SBApplication */,
				F68BC7181D128ACE00A36247 /* Products */,
				EB3E0201C3E3C41B81CAC41A /* Pods */,
				34A8663DB978A591BF253E9A /* Frameworks */,
				F67B7F9C1D23D714001E7ED3 /* Fonts */,
			);
			sourceTree = "<group>";
		};
		F68BC7181D128ACE00A36247 /* Products */ = {
			isa = PBXGroup;
			children = (
				F68BC7171D128ACE00A36247 /* Lyricism.app */,
			);
			name = Products;
			sourceTree = "<group>";
		};
		F68BC7191D128ACE00A36247 /* Lyricism */ = {
			isa = PBXGroup;
			children = (
				F67BEBA21D7E9B97005D0B54 /* Lyricism.entitlements */,
				F60BF8A31D139B3E00F7C6DA /* Lyricism-Bridging-Header.h */,
				F68BC71A1D128ACE00A36247 /* AppDelegate.swift */,
				F6C26C791DE5423C001EA7C6 /* PracticeLand.playground */,
				F6E13D3B1DE2D66700857AF1 /* Extension */,
				F6479A971DE59B780001E929 /* Util */,
				53FCF2411D40A9C800028F6D /* Controller */,
				F6C26C7C1DE56D65001EA7C6 /* Constant */,
				F62A2B441D796F8000235878 /* Protocol */,
				F67B7F9A1D23D6B6001E7ED3 /* Model */,
				F67B7F991D23D6A3001E7ED3 /* View */,
				53FCF2421D40A9D800028F6D /* Storyboard */,
				F68BC71E1D128ACE00A36247 /* Document.swift */,
				F62903F11D27ACF80025F190 /* Assets.xcassets */,
				F68BC7251D128ACE00A36247 /* Info.plist */,
			);
			path = Lyricism;
			sourceTree = "<group>";
		};
		F6C26C7C1DE56D65001EA7C6 /* Constant */ = {
			isa = PBXGroup;
			children = (
				F6F1C4321D882F8F0081C501 /* App.swift */,
				F6479A931DE577690001E929 /* Assets.swift */,
				F663BB481DE6ECA200A90958 /* UserDefaultsKey.swift */,
			);
			name = Constant;
			sourceTree = "<group>";
		};
		F6D339B01D22865C0066F03F /* iTunes */ = {
			isa = PBXGroup;
			children = (
				F6D339B11D22865C0066F03F /* iTunes.h */,
				F6D339B21D22865C0066F03F /* iTunes.sdef */,
				F6D339B31D22865C0066F03F /* iTunes.swift */,
				F6D339B41D22865C0066F03F /* iTunesScripting.swift */,
				F6D339BF1D22867A0066F03F /* iTunesScripting.h */,
				F6D339C11D22867A0066F03F /* Info.plist */,
			);
			path = iTunes;
			sourceTree = "<group>";
		};
		F6E13D3B1DE2D66700857AF1 /* Extension */ = {
			isa = PBXGroup;
			children = (
				F6E13D391DE2D4FA00857AF1 /* UIFont+Lyricism.swift */,
				F6E13D351DE2D47A00857AF1 /* String+LyricFomatter.swift */,
				F6479A951DE57DFD0001E929 /* NSImage+StatusItem.swift */,
				F6479A981DE59BB60001E929 /* nouse */,
			);
			name = Extension;
			sourceTree = "<group>";
		};
/* End PBXGroup section */

/* Begin PBXNativeTarget section */
		F68BC7161D128ACD00A36247 /* Lyricism */ = {
			isa = PBXNativeTarget;
			buildConfigurationList = F68BC7281D128ACE00A36247 /* Build configuration list for PBXNativeTarget "Lyricism" */;
			buildPhases = (
				3D3A1FEFBCAA26BB243950E7 /* [CP] Check Pods Manifest.lock */,
				F68BC7131D128ACD00A36247 /* Sources */,
				F68BC7141D128ACD00A36247 /* Frameworks */,
				F68BC7151D128ACD00A36247 /* Resources */,
				E8693AB7BCAD321D07598E48 /* [CP] Embed Pods Frameworks */,
				AE34DD7C096D300F2F0C25CC /* [CP] Copy Pods Resources */,
				F6D339C91D22867A0066F03F /* Embed Frameworks */,
				F6EC8F8F1D810A4A00CD020D /* Fabric Crashlytic */,
			);
			buildRules = (
			);
			dependencies = (
			);
			name = Lyricism;
			productName = macOS;
			productReference = F68BC7171D128ACE00A36247 /* Lyricism.app */;
			productType = "com.apple.product-type.application";
		};
/* End PBXNativeTarget section */

/* Begin PBXProject section */
		F68BC70F1D128ACD00A36247 /* Project object */ = {
			isa = PBXProject;
			attributes = {
				LastSwiftUpdateCheck = 0730;
				LastUpgradeCheck = 0730;
				ORGANIZATIONNAME = "Stan Liu";
				TargetAttributes = {
					F68BC7161D128ACD00A36247 = {
						CreatedOnToolsVersion = 7.3;
						DevelopmentTeam = 29DN3FMVP9;
						LastSwiftMigration = 0810;
						SystemCapabilities = {
							com.apple.Sandbox = {
								enabled = 1;
							};
						};
					};
				};
			};
			buildConfigurationList = F68BC7121D128ACD00A36247 /* Build configuration list for PBXProject "Lyricism" */;
			compatibilityVersion = "Xcode 3.2";
			developmentRegion = English;
			hasScannedForEncodings = 0;
			knownRegions = (
				en,
				Base,
				"zh-Hant",
			);
			mainGroup = F68BC70E1D128ACD00A36247;
			productRefGroup = F68BC7181D128ACE00A36247 /* Products */;
			projectDirPath = "";
			projectRoot = "";
			targets = (
				F68BC7161D128ACD00A36247 /* Lyricism */,
			);
		};
/* End PBXProject section */

/* Begin PBXResourcesBuildPhase section */
		F68BC7151D128ACD00A36247 /* Resources */ = {
			isa = PBXResourcesBuildPhase;
			buildActionMask = 2147483647;
			files = (
				F67B7FA31D23D75E001E7ED3 /* Lato-Lig.ttf in Resources */,
				F6D0C0221D870A66001474D8 /* Localizable.strings.strings in Resources */,
				F67B7FA21D23D75E001E7ED3 /* Lato-Bol.ttf in Resources */,
				F67B7FA41D23D75E001E7ED3 /* Lato-Reg.ttf in Resources */,
				F6D0C00F1D87079D001474D8 /* Preferences.storyboard in Resources */,
				F67B7FA11D23D75E001E7ED3 /* Lato-Black.ttf in Resources */,
				F67428CE1D82F5BD001FBC56 /* Spotify.sdef in Resources */,
				F668464F1D18D26E007DB6CF /* BlurBackground.xib in Resources */,
				F62903F21D27ACF80025F190 /* Assets.xcassets in Resources */,
				F68BC7241D128ACE00A36247 /* Main.storyboard in Resources */,
				F6D339B51D22865C0066F03F /* iTunes.sdef in Resources */,
			);
			runOnlyForDeploymentPostprocessing = 0;
		};
/* End PBXResourcesBuildPhase section */

/* Begin PBXShellScriptBuildPhase section */
		3D3A1FEFBCAA26BB243950E7 /* [CP] Check Pods Manifest.lock */ = {
			isa = PBXShellScriptBuildPhase;
			buildActionMask = 2147483647;
			files = (
			);
			inputPaths = (
			);
			name = "[CP] Check Pods Manifest.lock";
			outputPaths = (
			);
			runOnlyForDeploymentPostprocessing = 0;
			shellPath = /bin/sh;
			shellScript = "diff \"${PODS_ROOT}/../Podfile.lock\" \"${PODS_ROOT}/Manifest.lock\" > /dev/null\nif [ $? != 0 ] ; then\n    # print error to STDERR\n    echo \"error: The sandbox is not in sync with the Podfile.lock. Run 'pod install' or update your CocoaPods installation.\" >&2\n    exit 1\nfi\n";
			showEnvVarsInLog = 0;
		};
		AE34DD7C096D300F2F0C25CC /* [CP] Copy Pods Resources */ = {
			isa = PBXShellScriptBuildPhase;
			buildActionMask = 2147483647;
			files = (
			);
			inputPaths = (
			);
			name = "[CP] Copy Pods Resources";
			outputPaths = (
			);
			runOnlyForDeploymentPostprocessing = 0;
			shellPath = /bin/sh;
			shellScript = "\"${SRCROOT}/Pods/Target Support Files/Pods-Lyricism/Pods-Lyricism-resources.sh\"\n";
			showEnvVarsInLog = 0;
		};
		E8693AB7BCAD321D07598E48 /* [CP] Embed Pods Frameworks */ = {
			isa = PBXShellScriptBuildPhase;
			buildActionMask = 2147483647;
			files = (
			);
			inputPaths = (
			);
			name = "[CP] Embed Pods Frameworks";
			outputPaths = (
			);
			runOnlyForDeploymentPostprocessing = 0;
			shellPath = /bin/sh;
			shellScript = "\"${SRCROOT}/Pods/Target Support Files/Pods-Lyricism/Pods-Lyricism-frameworks.sh\"\n";
			showEnvVarsInLog = 0;
		};
		F6EC8F8F1D810A4A00CD020D /* Fabric Crashlytic */ = {
			isa = PBXShellScriptBuildPhase;
			buildActionMask = 2147483647;
			files = (
			);
			inputPaths = (
			);
			name = "Fabric Crashlytic";
			outputPaths = (
			);
			runOnlyForDeploymentPostprocessing = 0;
			shellPath = /bin/sh;
			shellScript = "\"${PODS_ROOT}/Fabric/run\" 4904cf7385aa6323b6e41446da80613995dbdfa2 de9a6948cd4d8561c602e2a4b3fd257419cf66e1fa23a37858cfd482f795183d";
		};
/* End PBXShellScriptBuildPhase section */

/* Begin PBXSourcesBuildPhase section */
		F68BC7131D128ACD00A36247 /* Sources */ = {
			isa = PBXSourcesBuildPhase;
			buildActionMask = 2147483647;
			files = (
				F6624B2E1D437AA600D2D42E /* AppearanceVC.swift in Sources */,
				F67428D01D82F5BD001FBC56 /* SpotifyScripting.swift in Sources */,
				F67428CF1D82F5BD001FBC56 /* Spotify.swift in Sources */,
				F6F1C4331D882F8F0081C501 /* App.swift in Sources */,
				F664DD851DE6E2900094F5FA /* EasyTrack.swift in Sources */,
				F60BF8D21D1424D800F7C6DA /* LyricsVC.swift in Sources */,
				F664DD7D1DE6845A0094F5FA /* SetPlayerSourceVC.swift in Sources */,
				F616EBB61D15221800D1A40C /* NSObject+Extension.swift in Sources */,
				F6479A941DE577690001E929 /* Assets.swift in Sources */,
				F696A2C11D2668FD00EBE049 /* Track.swift in Sources */,
				F62A2B431D796C1000235878 /* ContainerSwitchable.swift in Sources */,
				F6A7DE431D20CACF001D5AD7 /* MarqueeView.swift in Sources */,
				53FCF23F1D4078AF00028F6D /* SFPopover.swift in Sources */,
				F6479A921DE56FB70001E929 /* VCGettable.swift in Sources */,
				F6D196FA1DE2DDD400A7F73A /* Dismissable.swift in Sources */,
				F68BC71D1D128ACE00A36247 /* ViewController.swift in Sources */,
				F6E13D381DE2D4E900857AF1 /* Debug.swift in Sources */,
				F6624B2A1D437A9100D2D42E /* PreferenceVC.swift in Sources */,
				F6D339B71D22865C0066F03F /* iTunesScripting.swift in Sources */,
				F672A8311D1949BC00FD518D /* EventMonitor.swift in Sources */,
				F60BF8B51D13A68900F7C6DA /* MusiXMatchApi.swift in Sources */,
				F62A2B461D79843300235878 /* Timerable.swift in Sources */,
				F6D196F81DE2DC2300A7F73A /* PlaySourceable.swift in Sources */,
				F664DD801DE68B2D0094F5FA /* GuideVC.swift in Sources */,
				F64E2D8C1D2115CD002F2513 /* MResponse.swift in Sources */,
				F68BC71B1D128ACE00A36247 /* AppDelegate.swift in Sources */,
				F6C26C7B1DE56D45001EA7C6 /* TrackInfoGettable.swift in Sources */,
				F664DD7B1DE6842E0094F5FA /* SetPlayerSourceWC.swift in Sources */,
				F6479A901DE56F250001E929 /* AppGettable.swift in Sources */,
				F65069641DE2A1C6002ECFB3 /* TimeFormattable.swift in Sources */,
				F664DD831DE6BCC10094F5FA /* SFButtonView.swift in Sources */,
				F67428D21D83DB6E001FBC56 /* TextViewModel.swift in Sources */,
				F663BB491DE6ECA200A90958 /* UserDefaultsKey.swift in Sources */,
				F6479A961DE57DFD0001E929 /* NSImage+StatusItem.swift in Sources */,
				F6E13D3A1DE2D4FA00857AF1 /* UIFont+Lyricism.swift in Sources */,
				F617FCA31D269452001A933B /* HUDVC.swift in Sources */,
				F68BC71F1D128ACE00A36247 /* Document.swift in Sources */,
				F668464D1D18D20E007DB6CF /* BlurBackground.swift in Sources */,
				F6D339B61D22865C0066F03F /* iTunes.swift in Sources */,
				F6BF27B11D4E002A00AA04BB /* PopoverContentView.swift in Sources */,
				F6E13D361DE2D47A00857AF1 /* String+LyricFomatter.swift in Sources */,
				F6624B291D437A9100D2D42E /* PreferencesWC.swift in Sources */,
				F69836261D7C02F30046569A /* PreferencesSetable.swift in Sources */,
				F67428D61D8403B3001FBC56 /* SFRealm.swift in Sources */,
			);
			runOnlyForDeploymentPostprocessing = 0;
		};
/* End PBXSourcesBuildPhase section */

/* Begin PBXVariantGroup section */
		F68BC7221D128ACE00A36247 /* Main.storyboard */ = {
			isa = PBXVariantGroup;
			children = (
				F68BC7231D128ACE00A36247 /* Base */,
				F6D0C0151D8707BA001474D8 /* en */,
				F6D0C01A1D87088A001474D8 /* zh-Hant */,
				F6D0C01C1D870891001474D8 /* ja */,
				F6D0C01E1D870897001474D8 /* th */,
				F6D0C0201D8708AE001474D8 /* es */,
			);
			name = Main.storyboard;
			sourceTree = "<group>";
		};
		F6D0C0111D87079D001474D8 /* Preferences.storyboard */ = {
			isa = PBXVariantGroup;
			children = (
				F6D0C0101D87079D001474D8 /* Base */,
				F6D0C0131D8707B6001474D8 /* en */,
				F6D0C01B1D87088A001474D8 /* zh-Hant */,
				F6D0C01D1D870891001474D8 /* ja */,
				F6D0C01F1D870897001474D8 /* th */,
				F6D0C0211D8708AE001474D8 /* es */,
			);
			name = Preferences.storyboard;
			sourceTree = "<group>";
		};
		F6D0C0241D870A66001474D8 /* Localizable.strings.strings */ = {
			isa = PBXVariantGroup;
			children = (
				F6D0C0231D870A66001474D8 /* Base */,
				F6D0C0251D870A6C001474D8 /* zh-Hant */,
			);
			name = Localizable.strings.strings;
			sourceTree = "<group>";
		};
/* End PBXVariantGroup section */

/* Begin XCBuildConfiguration section */
		F68BC7261D128ACE00A36247 /* Debug */ = {
			isa = XCBuildConfiguration;
			buildSettings = {
				ALWAYS_SEARCH_USER_PATHS = NO;
				CLANG_ANALYZER_NONNULL = YES;
				CLANG_CXX_LANGUAGE_STANDARD = "gnu++0x";
				CLANG_CXX_LIBRARY = "libc++";
				CLANG_ENABLE_MODULES = YES;
				CLANG_ENABLE_OBJC_ARC = YES;
				CLANG_WARN_BOOL_CONVERSION = YES;
				CLANG_WARN_CONSTANT_CONVERSION = YES;
				CLANG_WARN_DIRECT_OBJC_ISA_USAGE = YES_ERROR;
				CLANG_WARN_EMPTY_BODY = YES;
				CLANG_WARN_ENUM_CONVERSION = YES;
				CLANG_WARN_INT_CONVERSION = YES;
				CLANG_WARN_OBJC_ROOT_CLASS = YES_ERROR;
				CLANG_WARN_UNREACHABLE_CODE = YES;
				CLANG_WARN__DUPLICATE_METHOD_MATCH = YES;
				CODE_SIGN_IDENTITY = "-";
				COPY_PHASE_STRIP = NO;
				DEBUG_INFORMATION_FORMAT = dwarf;
				EMBEDDED_CONTENT_CONTAINS_SWIFT = "$(inherited)";
				ENABLE_STRICT_OBJC_MSGSEND = YES;
				ENABLE_TESTABILITY = YES;
				GCC_C_LANGUAGE_STANDARD = gnu99;
				GCC_DYNAMIC_NO_PIC = NO;
				GCC_NO_COMMON_BLOCKS = YES;
				GCC_OPTIMIZATION_LEVEL = 0;
				GCC_PREPROCESSOR_DEFINITIONS = (
					"DEBUG=1",
					"$(inherited)",
				);
				GCC_WARN_64_TO_32_BIT_CONVERSION = YES;
				GCC_WARN_ABOUT_RETURN_TYPE = YES_ERROR;
				GCC_WARN_UNDECLARED_SELECTOR = YES;
				GCC_WARN_UNINITIALIZED_AUTOS = YES_AGGRESSIVE;
				GCC_WARN_UNUSED_FUNCTION = YES;
				GCC_WARN_UNUSED_VARIABLE = YES;
				MACOSX_DEPLOYMENT_TARGET = 10.12;
				MTL_ENABLE_DEBUG_INFO = YES;
				ONLY_ACTIVE_ARCH = YES;
				OTHER_SWIFT_FLAGS = "-DDEBUG";
				SDKROOT = macosx;
				SWIFT_OPTIMIZATION_LEVEL = "-Onone";
			};
			name = Debug;
		};
		F68BC7271D128ACE00A36247 /* Release */ = {
			isa = XCBuildConfiguration;
			buildSettings = {
				ALWAYS_SEARCH_USER_PATHS = NO;
				CLANG_ANALYZER_NONNULL = YES;
				CLANG_CXX_LANGUAGE_STANDARD = "gnu++0x";
				CLANG_CXX_LIBRARY = "libc++";
				CLANG_ENABLE_MODULES = YES;
				CLANG_ENABLE_OBJC_ARC = YES;
				CLANG_WARN_BOOL_CONVERSION = YES;
				CLANG_WARN_CONSTANT_CONVERSION = YES;
				CLANG_WARN_DIRECT_OBJC_ISA_USAGE = YES_ERROR;
				CLANG_WARN_EMPTY_BODY = YES;
				CLANG_WARN_ENUM_CONVERSION = YES;
				CLANG_WARN_INT_CONVERSION = YES;
				CLANG_WARN_OBJC_ROOT_CLASS = YES_ERROR;
				CLANG_WARN_UNREACHABLE_CODE = YES;
				CLANG_WARN__DUPLICATE_METHOD_MATCH = YES;
				CODE_SIGN_IDENTITY = "-";
				COPY_PHASE_STRIP = NO;
				DEBUG_INFORMATION_FORMAT = "dwarf-with-dsym";
				EMBEDDED_CONTENT_CONTAINS_SWIFT = "$(inherited)";
				ENABLE_NS_ASSERTIONS = NO;
				ENABLE_STRICT_OBJC_MSGSEND = YES;
				GCC_C_LANGUAGE_STANDARD = gnu99;
				GCC_NO_COMMON_BLOCKS = YES;
				GCC_WARN_64_TO_32_BIT_CONVERSION = YES;
				GCC_WARN_ABOUT_RETURN_TYPE = YES_ERROR;
				GCC_WARN_UNDECLARED_SELECTOR = YES;
				GCC_WARN_UNINITIALIZED_AUTOS = YES_AGGRESSIVE;
				GCC_WARN_UNUSED_FUNCTION = YES;
				GCC_WARN_UNUSED_VARIABLE = YES;
				MACOSX_DEPLOYMENT_TARGET = 10.12;
				MTL_ENABLE_DEBUG_INFO = NO;
				OTHER_SWIFT_FLAGS = "-DDEBUG";
				SDKROOT = macosx;
			};
			name = Release;
		};
		F68BC7291D128ACE00A36247 /* Debug */ = {
			isa = XCBuildConfiguration;
			baseConfigurationReference = 88C5BB8C141D6C45E8D647DE /* Pods-Lyricism.debug.xcconfig */;
			buildSettings = {
				ASSETCATALOG_COMPILER_APPICON_NAME = AppIcon;
				CLANG_ENABLE_MODULES = YES;
				CODE_SIGN_ENTITLEMENTS = Lyricism/Lyricism.entitlements;
				CODE_SIGN_IDENTITY = "Mac Developer";
				"CODE_SIGN_IDENTITY[sdk=macosx*]" = "Mac Developer";
				COMBINE_HIDPI_IMAGES = YES;
				DEBUG_INFORMATION_FORMAT = "dwarf-with-dsym";
				EMBEDDED_CONTENT_CONTAINS_SWIFT = YES;
				FRAMEWORK_SEARCH_PATHS = (
					"$(inherited)",
					"$(PROJECT_DIR)",
				);
				HEADER_SEARCH_PATHS = "$(inherited)";
				INFOPLIST_FILE = "$(SRCROOT)/Lyricism/Info.plist";
				LD_RUNPATH_SEARCH_PATHS = "$(inherited) @executable_path/../Frameworks";
				OTHER_LDFLAGS = "$(inherited)";
				PODS_ROOT = "$(inherited)";
				PRODUCT_BUNDLE_IDENTIFIER = com.stan.lyricism;
				PRODUCT_NAME = Lyricism;
				PROVISIONING_PROFILE = "";
				SWIFT_OBJC_BRIDGING_HEADER = "Lyricism-Bridging-Header.h";
				SWIFT_OPTIMIZATION_LEVEL = "-Onone";
				SWIFT_VERSION = 3.0;
			};
			name = Debug;
		};
		F68BC72A1D128ACE00A36247 /* Release */ = {
			isa = XCBuildConfiguration;
			baseConfigurationReference = D7DDC90CBC31526A6B6401DE /* Pods-Lyricism.release.xcconfig */;
			buildSettings = {
				ASSETCATALOG_COMPILER_APPICON_NAME = AppIcon;
				CLANG_ENABLE_MODULES = YES;
				CODE_SIGN_ENTITLEMENTS = Lyricism/Lyricism.entitlements;
				CODE_SIGN_IDENTITY = "Mac Developer";
				"CODE_SIGN_IDENTITY[sdk=macosx*]" = "Mac Developer";
				COMBINE_HIDPI_IMAGES = YES;
				EMBEDDED_CONTENT_CONTAINS_SWIFT = YES;
				FRAMEWORK_SEARCH_PATHS = (
					"$(inherited)",
					"$(PROJECT_DIR)",
				);
				HEADER_SEARCH_PATHS = "$(inherited)";
				INFOPLIST_FILE = "$(SRCROOT)/Lyricism/Info.plist";
				LD_RUNPATH_SEARCH_PATHS = "$(inherited) @executable_path/../Frameworks";
				OTHER_LDFLAGS = "$(inherited)";
				PODS_ROOT = "$(inherited)";
				PRODUCT_BUNDLE_IDENTIFIER = com.stan.lyricism;
				PRODUCT_NAME = Lyricism;
				PROVISIONING_PROFILE = "";
				SWIFT_OBJC_BRIDGING_HEADER = "Lyricism-Bridging-Header.h";
				SWIFT_VERSION = 3.0;
			};
			name = Release;
		};
/* End XCBuildConfiguration section */

/* Begin XCConfigurationList section */
		F68BC7121D128ACD00A36247 /* Build configuration list for PBXProject "Lyricism" */ = {
			isa = XCConfigurationList;
			buildConfigurations = (
				F68BC7261D128ACE00A36247 /* Debug */,
				F68BC7271D128ACE00A36247 /* Release */,
			);
			defaultConfigurationIsVisible = 0;
			defaultConfigurationName = Release;
		};
		F68BC7281D128ACE00A36247 /* Build configuration list for PBXNativeTarget "Lyricism" */ = {
			isa = XCConfigurationList;
			buildConfigurations = (
				F68BC7291D128ACE00A36247 /* Debug */,
				F68BC72A1D128ACE00A36247 /* Release */,
			);
			defaultConfigurationIsVisible = 0;
			defaultConfigurationName = Release;
		};
/* End XCConfigurationList section */
	};
	rootObject = F68BC70F1D128ACD00A36247 /* Project object */;
}
