PODS:
  - Alamofire (3.4.1)
  - SwiftyJSON (2.3.2)
  - SWXMLHash (2.3.1)

DEPENDENCIES:
  - Alamofire (~> 3.4)
  - SwiftyJSON
  - SWXMLHash (~> 2.3.0)

SPEC CHECKSUMS:
  Alamofire: 01a82e2f6c0f860ade35534c8dd88be61bdef40c
  SwiftyJSON: 04ccea08915aa0109039157c7974cf0298da292a
  SWXMLHash: 795c66e74f4cc9473ad6465c6653c5a6f59f417e

PODFILE CHECKSUM: 4022d787b5908ad010257ce56cd784e26bfd053f

COCOAPODS: 1.0.1
